
Microsoft Visual Studio Solution File, Format Version 12.00
# Visual Studio Version 17
VisualStudioVersion = 17.11.35222.181
MinimumVisualStudioVersion = 10.0.40219.1
Project("{FAE04EC0-301F-11D3-BF4B-00C04F79EFBC}") = "DEMO", "DEMO\DEMO.csproj", "{3FF3530D-1E6B-4BEC-82E2-1D4ACFB9B318}"
EndProject
Project("{FAE04EC0-301F-11D3-BF4B-00C04F79EFBC}") = "Assignment 4", "Assignment 4\Assignment 4.csproj", "{7E925369-CFC3-46F9-9C93-4DC79D130BE6}"
EndProject
Global
	GlobalSection(SolutionConfigurationPlatforms) = preSolution
		Debug|Any CPU = Debug|Any CPU
		Release|Any CPU = Release|Any CPU
	EndGlobalSection
	GlobalSection(ProjectConfigurationPlatforms) = postSolution
		{3FF3530D-1E6B-4BEC-82E2-1D4ACFB9B318}.Debug|Any CPU.ActiveCfg = Debug|Any CPU
		{3FF3530D-1E6B-4BEC-82E2-1D4ACFB9B318}.Debug|Any CPU.Build.0 = Debug|Any CPU
		{3FF3530D-1E6B-4BEC-82E2-1D4ACFB9B318}.Release|Any CPU.ActiveCfg = Release|Any CPU
		{3FF3530D-1E6B-4BEC-82E2-1D4ACFB9B318}.Release|Any CPU.Build.0 = Release|Any CPU
		{7E925369-CFC3-46F9-9C93-4DC79D130BE6}.Debug|Any CPU.ActiveCfg = Debug|Any CPU
		{7E925369-CFC3-46F9-9C93-4DC79D130BE6}.Debug|Any CPU.Build.0 = Debug|Any CPU
		{7E925369-CFC3-46F9-9C93-4DC79D130BE6}.Release|Any CPU.ActiveCfg = Release|Any CPU
		{7E925369-CFC3-46F9-9C93-4DC79D130BE6}.Release|Any CPU.Build.0 = Release|Any CPU
	EndGlobalSection
	GlobalSection(SolutionProperties) = preSolution
		HideSolutionNode = FALSE
	EndGlobalSection
	GlobalSection(ExtensibilityGlobals) = postSolution
		SolutionGuid = {CCEEAA34-7F0A-4B82-89E5-AA14E06DA5BA}
	EndGlobalSection
EndGlobal
